<Solution>
  <Folder Name="/src/">
    <Project Path="src/SolutionDeployer.Core/SolutionDeployer.Core.csproj" />
    <Project Path="src/SolutionDeployer.App/SolutionDeployer.App.csproj" />
  </Folder>
  <Folder Name="/tests/">
    <Project Path="tests/SolutionDeployer.Core.Tests/SolutionDeployer.Core.Tests.csproj" />
    <Project Path="tests/SolutionDeployer.App.Tests/SolutionDeployer.App.Tests.csproj" />
  </Folder>
</Solution>
